
Microsoft Visual Studio Solution File, Format Version 12.00
# Visual Studio Version 16
VisualStudioVersion = 16.0.30011.22
MinimumVisualStudioVersion = 10.0.40219.1
Project("{FAE04EC0-301F-11D3-BF4B-00C04F79EFBC}") = "School.Entities", "School.Entities\School.Entities.csproj", "{6EEA9AD5-09FF-45FE-A6A9-02185A994B1F}"
EndProject
Project("{FAE04EC0-301F-11D3-BF4B-00C04F79EFBC}") = "School.Data", "School.Data\School.Data.csproj", "{04E97088-6245-434F-B88E-500A3C1936A7}"
EndProject
Project("{FAE04EC0-301F-11D3-BF4B-00C04F79EFBC}") = "School.Web", "School.Web\School.Web.csproj", "{A943FA1D-C01E-4CCF-A9E0-69786F5FB4E4}"
EndProject
Global
	GlobalSection(SolutionConfigurationPlatforms) = preSolution
		Debug|Any CPU = Debug|Any CPU
		Release|Any CPU = Release|Any CPU
	EndGlobalSection
	GlobalSection(ProjectConfigurationPlatforms) = postSolution
		{6EEA9AD5-09FF-45FE-A6A9-02185A994B1F}.Debug|Any CPU.ActiveCfg = Debug|Any CPU
		{6EEA9AD5-09FF-45FE-A6A9-02185A994B1F}.Debug|Any CPU.Build.0 = Debug|Any CPU
		{6EEA9AD5-09FF-45FE-A6A9-02185A994B1F}.Release|Any CPU.ActiveCfg = Release|Any CPU
		{6EEA9AD5-09FF-45FE-A6A9-02185A994B1F}.Release|Any CPU.Build.0 = Release|Any CPU
		{04E97088-6245-434F-B88E-500A3C1936A7}.Debug|Any CPU.ActiveCfg = Debug|Any CPU
		{04E97088-6245-434F-B88E-500A3C1936A7}.Debug|Any CPU.Build.0 = Debug|Any CPU
		{04E97088-6245-434F-B88E-500A3C1936A7}.Release|Any CPU.ActiveCfg = Release|Any CPU
		{04E97088-6245-434F-B88E-500A3C1936A7}.Release|Any CPU.Build.0 = Release|Any CPU
		{A943FA1D-C01E-4CCF-A9E0-69786F5FB4E4}.Debug|Any CPU.ActiveCfg = Debug|Any CPU
		{A943FA1D-C01E-4CCF-A9E0-69786F5FB4E4}.Debug|Any CPU.Build.0 = Debug|Any CPU
		{A943FA1D-C01E-4CCF-A9E0-69786F5FB4E4}.Release|Any CPU.ActiveCfg = Release|Any CPU
		{A943FA1D-C01E-4CCF-A9E0-69786F5FB4E4}.Release|Any CPU.Build.0 = Release|Any CPU
	EndGlobalSection
	GlobalSection(SolutionProperties) = preSolution
		HideSolutionNode = FALSE
	EndGlobalSection
	GlobalSection(ExtensibilityGlobals) = postSolution
		SolutionGuid = {54FC9097-F9E2-4898-8505-FECAD3E15A98}
	EndGlobalSection
EndGlobal
